
Microsoft Visual Studio Solution File, Format Version 12.00
# Visual Studio Version 17
VisualStudioVersion = 17.5.002.0
MinimumVisualStudioVersion = 10.0.40219.1
Project("{2150E333-8FDC-42A3-9474-1A3956D46DE8}") = "sandbox", "sandbox", "{4DA6EC65-B138-4BEB-B1F4-1E4F051E98DD}"
EndProject
Project("{9A19103F-16F7-4668-BE54-9A1E7A4F7556}") = "sandbox_project", "sandbox\sandbox_project\sandbox_project.csproj", "{4F9B6301-3858-4842-91E1-C40873FB27D5}"
EndProject
Project("{2150E333-8FDC-42A3-9474-1A3956D46DE8}") = "week01", "week01", "{5B9E8A6C-57E8-4BA2-B197-CFED84CB7132}"
EndProject
Project("{9A19103F-16F7-4668-BE54-9A1E7A4F7556}") = "analyze", "week01\analyze\analyze.csproj", "{D1ACD669-CD60-408B-8546-27D3953D45CA}"
EndProject
Project("{9A19103F-16F7-4668-BE54-9A1E7A4F7556}") = "code", "week01\code\code.csproj", "{179D46B8-FED4-4C73-818D-C1E5764ADF72}"
EndProject
Project("{9A19103F-16F7-4668-BE54-9A1E7A4F7556}") = "teach", "week01\teach\teach.csproj", "{A291CB5C-3959-4A77-92C9-6E91A589C85C}"
EndProject
Project("{2150E333-8FDC-42A3-9474-1A3956D46DE8}") = "week02", "week02", "{FE19C992-5DD0-4D96-9DFB-1DE1C9F4A466}"
EndProject
Project("{9A19103F-16F7-4668-BE54-9A1E7A4F7556}") = "analyze", "week02\analyze\analyze.csproj", "{42CE5352-BF4A-4A7F-A405-3FA1B720B04E}"
EndProject
Project("{9A19103F-16F7-4668-BE54-9A1E7A4F7556}") = "code", "week02\code\code.csproj", "{1577039A-05D6-4E38-8FF9-776FF9ACBA81}"
EndProject
Project("{9A19103F-16F7-4668-BE54-9A1E7A4F7556}") = "learn", "week02\learn\learn.csproj", "{37444AB8-05CD-4442-95C7-38894B120722}"
EndProject
Project("{9A19103F-16F7-4668-BE54-9A1E7A4F7556}") = "teach", "week02\teach\teach.csproj", "{CB702008-5024-4FEE-B287-B66C9B7407D1}"
EndProject
Project("{2150E333-8FDC-42A3-9474-1A3956D46DE8}") = "week03", "week03", "{B9F41E98-A97B-4BF1-B007-AC1F99A29BDE}"
EndProject
Project("{9A19103F-16F7-4668-BE54-9A1E7A4F7556}") = "code", "week03\code\code.csproj", "{5CCE8FE9-FA3D-4F4F-8486-B66B8F4B8057}"
EndProject
Project("{9A19103F-16F7-4668-BE54-9A1E7A4F7556}") = "learn", "week03\learn\learn.csproj", "{88BE446A-F57D-47F6-B7EA-3CBD8DBBD79B}"
EndProject
Project("{9A19103F-16F7-4668-BE54-9A1E7A4F7556}") = "teach", "week03\teach\teach.csproj", "{7018FCE9-16D8-450F-949E-E56EEDE2203A}"
EndProject
Project("{2150E333-8FDC-42A3-9474-1A3956D46DE8}") = "week04", "week04", "{BAE5ADF2-CAD0-4956-A001-B10B65D741B9}"
EndProject
Project("{9A19103F-16F7-4668-BE54-9A1E7A4F7556}") = "code", "week04\code\code.csproj", "{8783ADA5-BA12-47A2-A3F8-5D0D134AB632}"
EndProject
Project("{2150E333-8FDC-42A3-9474-1A3956D46DE8}") = "week05", "week05", "{40FF6D51-40C0-49AE-9F1B-94625CDC6D98}"
EndProject
Project("{9A19103F-16F7-4668-BE54-9A1E7A4F7556}") = "code", "week05\code\code.csproj", "{01F34DB3-7090-4BDC-B94A-94C5DDA2E1E2}"
EndProject
Project("{2150E333-8FDC-42A3-9474-1A3956D46DE8}") = "week06", "week06", "{C4256898-C3FE-4063-88CD-CB813CCC3321}"
EndProject
Project("{9A19103F-16F7-4668-BE54-9A1E7A4F7556}") = "code", "week06\code\code.csproj", "{3F2D4A16-E64D-4C9E-BC55-CAA5F0B62910}"
EndProject
Global
	GlobalSection(SolutionConfigurationPlatforms) = preSolution
		Debug|Any CPU = Debug|Any CPU
		Release|Any CPU = Release|Any CPU
	EndGlobalSection
	GlobalSection(ProjectConfigurationPlatforms) = postSolution
		{4F9B6301-3858-4842-91E1-C40873FB27D5}.Debug|Any CPU.ActiveCfg = Debug|Any CPU
		{4F9B6301-3858-4842-91E1-C40873FB27D5}.Debug|Any CPU.Build.0 = Debug|Any CPU
		{4F9B6301-3858-4842-91E1-C40873FB27D5}.Release|Any CPU.ActiveCfg = Release|Any CPU
		{4F9B6301-3858-4842-91E1-C40873FB27D5}.Release|Any CPU.Build.0 = Release|Any CPU
		{D1ACD669-CD60-408B-8546-27D3953D45CA}.Debug|Any CPU.ActiveCfg = Debug|Any CPU
		{D1ACD669-CD60-408B-8546-27D3953D45CA}.Debug|Any CPU.Build.0 = Debug|Any CPU
		{D1ACD669-CD60-408B-8546-27D3953D45CA}.Release|Any CPU.ActiveCfg = Release|Any CPU
		{D1ACD669-CD60-408B-8546-27D3953D45CA}.Release|Any CPU.Build.0 = Release|Any CPU
		{179D46B8-FED4-4C73-818D-C1E5764ADF72}.Debug|Any CPU.ActiveCfg = Debug|Any CPU
		{179D46B8-FED4-4C73-818D-C1E5764ADF72}.Debug|Any CPU.Build.0 = Debug|Any CPU
		{179D46B8-FED4-4C73-818D-C1E5764ADF72}.Release|Any CPU.ActiveCfg = Release|Any CPU
		{179D46B8-FED4-4C73-818D-C1E5764ADF72}.Release|Any CPU.Build.0 = Release|Any CPU
		{A291CB5C-3959-4A77-92C9-6E91A589C85C}.Debug|Any CPU.ActiveCfg = Debug|Any CPU
		{A291CB5C-3959-4A77-92C9-6E91A589C85C}.Debug|Any CPU.Build.0 = Debug|Any CPU
		{A291CB5C-3959-4A77-92C9-6E91A589C85C}.Release|Any CPU.ActiveCfg = Release|Any CPU
		{A291CB5C-3959-4A77-92C9-6E91A589C85C}.Release|Any CPU.Build.0 = Release|Any CPU
		{42CE5352-BF4A-4A7F-A405-3FA1B720B04E}.Debug|Any CPU.ActiveCfg = Debug|Any CPU
		{42CE5352-BF4A-4A7F-A405-3FA1B720B04E}.Debug|Any CPU.Build.0 = Debug|Any CPU
		{42CE5352-BF4A-4A7F-A405-3FA1B720B04E}.Release|Any CPU.ActiveCfg = Release|Any CPU
		{42CE5352-BF4A-4A7F-A405-3FA1B720B04E}.Release|Any CPU.Build.0 = Release|Any CPU
		{1577039A-05D6-4E38-8FF9-776FF9ACBA81}.Debug|Any CPU.ActiveCfg = Debug|Any CPU
		{1577039A-05D6-4E38-8FF9-776FF9ACBA81}.Debug|Any CPU.Build.0 = Debug|Any CPU
		{1577039A-05D6-4E38-8FF9-776FF9ACBA81}.Release|Any CPU.ActiveCfg = Release|Any CPU
		{1577039A-05D6-4E38-8FF9-776FF9ACBA81}.Release|Any CPU.Build.0 = Release|Any CPU
		{37444AB8-05CD-4442-95C7-38894B120722}.Debug|Any CPU.ActiveCfg = Debug|Any CPU
		{37444AB8-05CD-4442-95C7-38894B120722}.Debug|Any CPU.Build.0 = Debug|Any CPU
		{37444AB8-05CD-4442-95C7-38894B120722}.Release|Any CPU.ActiveCfg = Release|Any CPU
		{37444AB8-05CD-4442-95C7-38894B120722}.Release|Any CPU.Build.0 = Release|Any CPU
		{CB702008-5024-4FEE-B287-B66C9B7407D1}.Debug|Any CPU.ActiveCfg = Debug|Any CPU
		{CB702008-5024-4FEE-B287-B66C9B7407D1}.Debug|Any CPU.Build.0 = Debug|Any CPU
		{CB702008-5024-4FEE-B287-B66C9B7407D1}.Release|Any CPU.ActiveCfg = Release|Any CPU
		{CB702008-5024-4FEE-B287-B66C9B7407D1}.Release|Any CPU.Build.0 = Release|Any CPU
		{5CCE8FE9-FA3D-4F4F-8486-B66B8F4B8057}.Debug|Any CPU.ActiveCfg = Debug|Any CPU
		{5CCE8FE9-FA3D-4F4F-8486-B66B8F4B8057}.Debug|Any CPU.Build.0 = Debug|Any CPU
		{5CCE8FE9-FA3D-4F4F-8486-B66B8F4B8057}.Release|Any CPU.ActiveCfg = Release|Any CPU
		{5CCE8FE9-FA3D-4F4F-8486-B66B8F4B8057}.Release|Any CPU.Build.0 = Release|Any CPU
		{88BE446A-F57D-47F6-B7EA-3CBD8DBBD79B}.Debug|Any CPU.ActiveCfg = Debug|Any CPU
		{88BE446A-F57D-47F6-B7EA-3CBD8DBBD79B}.Debug|Any CPU.Build.0 = Debug|Any CPU
		{88BE446A-F57D-47F6-B7EA-3CBD8DBBD79B}.Release|Any CPU.ActiveCfg = Release|Any CPU
		{88BE446A-F57D-47F6-B7EA-3CBD8DBBD79B}.Release|Any CPU.Build.0 = Release|Any CPU
		{7018FCE9-16D8-450F-949E-E56EEDE2203A}.Debug|Any CPU.ActiveCfg = Debug|Any CPU
		{7018FCE9-16D8-450F-949E-E56EEDE2203A}.Debug|Any CPU.Build.0 = Debug|Any CPU
		{7018FCE9-16D8-450F-949E-E56EEDE2203A}.Release|Any CPU.ActiveCfg = Release|Any CPU
		{7018FCE9-16D8-450F-949E-E56EEDE2203A}.Release|Any CPU.Build.0 = Release|Any CPU
		{8783ADA5-BA12-47A2-A3F8-5D0D134AB632}.Debug|Any CPU.ActiveCfg = Debug|Any CPU
		{8783ADA5-BA12-47A2-A3F8-5D0D134AB632}.Debug|Any CPU.Build.0 = Debug|Any CPU
		{8783ADA5-BA12-47A2-A3F8-5D0D134AB632}.Release|Any CPU.ActiveCfg = Release|Any CPU
		{8783ADA5-BA12-47A2-A3F8-5D0D134AB632}.Release|Any CPU.Build.0 = Release|Any CPU
		{01F34DB3-7090-4BDC-B94A-94C5DDA2E1E2}.Debug|Any CPU.ActiveCfg = Debug|Any CPU
		{01F34DB3-7090-4BDC-B94A-94C5DDA2E1E2}.Debug|Any CPU.Build.0 = Debug|Any CPU
		{01F34DB3-7090-4BDC-B94A-94C5DDA2E1E2}.Release|Any CPU.ActiveCfg = Release|Any CPU
		{01F34DB3-7090-4BDC-B94A-94C5DDA2E1E2}.Release|Any CPU.Build.0 = Release|Any CPU
		{3F2D4A16-E64D-4C9E-BC55-CAA5F0B62910}.Debug|Any CPU.ActiveCfg = Debug|Any CPU
		{3F2D4A16-E64D-4C9E-BC55-CAA5F0B62910}.Debug|Any CPU.Build.0 = Debug|Any CPU
		{3F2D4A16-E64D-4C9E-BC55-CAA5F0B62910}.Release|Any CPU.ActiveCfg = Release|Any CPU
		{3F2D4A16-E64D-4C9E-BC55-CAA5F0B62910}.Release|Any CPU.Build.0 = Release|Any CPU
	EndGlobalSection
	GlobalSection(SolutionProperties) = preSolution
		HideSolutionNode = FALSE
	EndGlobalSection
	GlobalSection(NestedProjects) = preSolution
		{4F9B6301-3858-4842-91E1-C40873FB27D5} = {4DA6EC65-B138-4BEB-B1F4-1E4F051E98DD}
		{D1ACD669-CD60-408B-8546-27D3953D45CA} = {5B9E8A6C-57E8-4BA2-B197-CFED84CB7132}
		{179D46B8-FED4-4C73-818D-C1E5764ADF72} = {5B9E8A6C-57E8-4BA2-B197-CFED84CB7132}
		{A291CB5C-3959-4A77-92C9-6E91A589C85C} = {5B9E8A6C-57E8-4BA2-B197-CFED84CB7132}
		{42CE5352-BF4A-4A7F-A405-3FA1B720B04E} = {FE19C992-5DD0-4D96-9DFB-1DE1C9F4A466}
		{1577039A-05D6-4E38-8FF9-776FF9ACBA81} = {FE19C992-5DD0-4D96-9DFB-1DE1C9F4A466}
		{37444AB8-05CD-4442-95C7-38894B120722} = {FE19C992-5DD0-4D96-9DFB-1DE1C9F4A466}
		{CB702008-5024-4FEE-B287-B66C9B7407D1} = {FE19C992-5DD0-4D96-9DFB-1DE1C9F4A466}
		{5CCE8FE9-FA3D-4F4F-8486-B66B8F4B8057} = {B9F41E98-A97B-4BF1-B007-AC1F99A29BDE}
		{88BE446A-F57D-47F6-B7EA-3CBD8DBBD79B} = {B9F41E98-A97B-4BF1-B007-AC1F99A29BDE}
		{7018FCE9-16D8-450F-949E-E56EEDE2203A} = {B9F41E98-A97B-4BF1-B007-AC1F99A29BDE}
		{8783ADA5-BA12-47A2-A3F8-5D0D134AB632} = {BAE5ADF2-CAD0-4956-A001-B10B65D741B9}
		{01F34DB3-7090-4BDC-B94A-94C5DDA2E1E2} = {40FF6D51-40C0-49AE-9F1B-94625CDC6D98}
		{3F2D4A16-E64D-4C9E-BC55-CAA5F0B62910} = {C4256898-C3FE-4063-88CD-CB813CCC3321}
	EndGlobalSection
	GlobalSection(ExtensibilityGlobals) = postSolution
		SolutionGuid = {BFAD3F31-2800-4002-BB14-590D5F1E6F38}
	EndGlobalSection
EndGlobal
